
Microsoft Visual Studio Solution File, Format Version 12.00
# Visual Studio Version 17
VisualStudioVersion = 17.0.31903.59
MinimumVisualStudioVersion = 10.0.40219.1
Project("{FAE04EC0-301F-11D3-BF4B-00C04F79EFBC}") = "Exercises", "Exercises\Exercises.csproj", "{192CA3BA-8680-43FA-84ED-FEE5E769B509}"
EndProject
Project("{2150E333-8FDC-42A3-9474-1A3956D46DE8}") = "Tests", "Tests", "{3E221699-488A-495E-89DE-3D95CF110E89}"
EndProject
Project("{FAE04EC0-301F-11D3-BF4B-00C04F79EFBC}") = "FactoryMethod.Tests", "Tests\FactoryMethod.Tests\FactoryMethod.Tests.csproj", "{19D7F41E-9D4E-4CA7-8AC2-0752E64C7AAB}"
EndProject
Project("{FAE04EC0-301F-11D3-BF4B-00C04F79EFBC}") = "Builder.Tests", "Tests\Builder.Tests\Builder.Tests.csproj", "{CF132244-C4CA-4026-9CCE-DD9717D2E3C8}"
EndProject
Project("{FAE04EC0-301F-11D3-BF4B-00C04F79EFBC}") = "Adapter.Tests", "Tests\Adapter.Tests\Adapter.Tests.csproj", "{C4B5108C-84BF-4DB9-80E3-8CED50648784}"
EndProject
Project("{FAE04EC0-301F-11D3-BF4B-00C04F79EFBC}") = "Decorator.Tests", "Tests\Decorator.Tests\Decorator.Tests.csproj", "{9535D048-3C66-40AE-A785-A699C4908B9B}"
EndProject
Project("{FAE04EC0-301F-11D3-BF4B-00C04F79EFBC}") = "Command.Tests", "Tests\Command.Tests\Command.Tests.csproj", "{3E97FB68-C774-4656-B53D-DE7DF6BCACA9}"
EndProject
Project("{FAE04EC0-301F-11D3-BF4B-00C04F79EFBC}") = "Strategy.Tests", "Tests\Strategy.Tests\Strategy.Tests.csproj", "{E37BAAD3-DDE5-441D-8FD0-A9029FE612F1}"
EndProject
Project("{FAE04EC0-301F-11D3-BF4B-00C04F79EFBC}") = "Observer.Tests", "Tests\Observer.Tests\Observer.Tests.csproj", "{B49BB8BE-1564-4ACB-9E35-344BD5F7F52E}"
EndProject
Project("{FAE04EC0-301F-11D3-BF4B-00C04F79EFBC}") = "Mediator.Tests", "Tests\Mediator.Tests\Mediator.Tests.csproj", "{178A8AD9-95EA-49D9-83BF-4570078A0F5A}"
EndProject
Project("{FAE04EC0-301F-11D3-BF4B-00C04F79EFBC}") = "Singleton.Tests", "Tests\Singleton.Tests\Singleton.Tests.csproj", "{4E78B491-BC8A-4F2D-8094-D089FBF27F3D}"
EndProject
Project("{FAE04EC0-301F-11D3-BF4B-00C04F79EFBC}") = "Proxy.Tests", "Tests\Proxy.Tests\Proxy.Tests.csproj", "{3898FB2D-9AA9-48DD-9F42-005B36126AA4}"
EndProject
Global
	GlobalSection(SolutionConfigurationPlatforms) = preSolution
		Debug|Any CPU = Debug|Any CPU
		Release|Any CPU = Release|Any CPU
	EndGlobalSection
	GlobalSection(SolutionProperties) = preSolution
		HideSolutionNode = FALSE
	EndGlobalSection
	GlobalSection(ProjectConfigurationPlatforms) = postSolution
		{192CA3BA-8680-43FA-84ED-FEE5E769B509}.Debug|Any CPU.ActiveCfg = Debug|Any CPU
		{192CA3BA-8680-43FA-84ED-FEE5E769B509}.Debug|Any CPU.Build.0 = Debug|Any CPU
		{192CA3BA-8680-43FA-84ED-FEE5E769B509}.Release|Any CPU.ActiveCfg = Release|Any CPU
		{192CA3BA-8680-43FA-84ED-FEE5E769B509}.Release|Any CPU.Build.0 = Release|Any CPU
		{19D7F41E-9D4E-4CA7-8AC2-0752E64C7AAB}.Debug|Any CPU.ActiveCfg = Debug|Any CPU
		{19D7F41E-9D4E-4CA7-8AC2-0752E64C7AAB}.Debug|Any CPU.Build.0 = Debug|Any CPU
		{19D7F41E-9D4E-4CA7-8AC2-0752E64C7AAB}.Release|Any CPU.ActiveCfg = Release|Any CPU
		{19D7F41E-9D4E-4CA7-8AC2-0752E64C7AAB}.Release|Any CPU.Build.0 = Release|Any CPU
		{CF132244-C4CA-4026-9CCE-DD9717D2E3C8}.Debug|Any CPU.ActiveCfg = Debug|Any CPU
		{CF132244-C4CA-4026-9CCE-DD9717D2E3C8}.Debug|Any CPU.Build.0 = Debug|Any CPU
		{CF132244-C4CA-4026-9CCE-DD9717D2E3C8}.Release|Any CPU.ActiveCfg = Release|Any CPU
		{CF132244-C4CA-4026-9CCE-DD9717D2E3C8}.Release|Any CPU.Build.0 = Release|Any CPU
		{C4B5108C-84BF-4DB9-80E3-8CED50648784}.Debug|Any CPU.ActiveCfg = Debug|Any CPU
		{C4B5108C-84BF-4DB9-80E3-8CED50648784}.Debug|Any CPU.Build.0 = Debug|Any CPU
		{C4B5108C-84BF-4DB9-80E3-8CED50648784}.Release|Any CPU.ActiveCfg = Release|Any CPU
		{C4B5108C-84BF-4DB9-80E3-8CED50648784}.Release|Any CPU.Build.0 = Release|Any CPU
		{9535D048-3C66-40AE-A785-A699C4908B9B}.Debug|Any CPU.ActiveCfg = Debug|Any CPU
		{9535D048-3C66-40AE-A785-A699C4908B9B}.Debug|Any CPU.Build.0 = Debug|Any CPU
		{9535D048-3C66-40AE-A785-A699C4908B9B}.Release|Any CPU.ActiveCfg = Release|Any CPU
		{9535D048-3C66-40AE-A785-A699C4908B9B}.Release|Any CPU.Build.0 = Release|Any CPU
		{3E97FB68-C774-4656-B53D-DE7DF6BCACA9}.Debug|Any CPU.ActiveCfg = Debug|Any CPU
		{3E97FB68-C774-4656-B53D-DE7DF6BCACA9}.Debug|Any CPU.Build.0 = Debug|Any CPU
		{3E97FB68-C774-4656-B53D-DE7DF6BCACA9}.Release|Any CPU.ActiveCfg = Release|Any CPU
		{3E97FB68-C774-4656-B53D-DE7DF6BCACA9}.Release|Any CPU.Build.0 = Release|Any CPU
		{E37BAAD3-DDE5-441D-8FD0-A9029FE612F1}.Debug|Any CPU.ActiveCfg = Debug|Any CPU
		{E37BAAD3-DDE5-441D-8FD0-A9029FE612F1}.Debug|Any CPU.Build.0 = Debug|Any CPU
		{E37BAAD3-DDE5-441D-8FD0-A9029FE612F1}.Release|Any CPU.ActiveCfg = Release|Any CPU
		{E37BAAD3-DDE5-441D-8FD0-A9029FE612F1}.Release|Any CPU.Build.0 = Release|Any CPU
		{B49BB8BE-1564-4ACB-9E35-344BD5F7F52E}.Debug|Any CPU.ActiveCfg = Debug|Any CPU
		{B49BB8BE-1564-4ACB-9E35-344BD5F7F52E}.Debug|Any CPU.Build.0 = Debug|Any CPU
		{B49BB8BE-1564-4ACB-9E35-344BD5F7F52E}.Release|Any CPU.ActiveCfg = Release|Any CPU
		{B49BB8BE-1564-4ACB-9E35-344BD5F7F52E}.Release|Any CPU.Build.0 = Release|Any CPU
		{178A8AD9-95EA-49D9-83BF-4570078A0F5A}.Debug|Any CPU.ActiveCfg = Debug|Any CPU
		{178A8AD9-95EA-49D9-83BF-4570078A0F5A}.Debug|Any CPU.Build.0 = Debug|Any CPU
		{178A8AD9-95EA-49D9-83BF-4570078A0F5A}.Release|Any CPU.ActiveCfg = Release|Any CPU
		{178A8AD9-95EA-49D9-83BF-4570078A0F5A}.Release|Any CPU.Build.0 = Release|Any CPU
		{4E78B491-BC8A-4F2D-8094-D089FBF27F3D}.Debug|Any CPU.ActiveCfg = Debug|Any CPU
		{4E78B491-BC8A-4F2D-8094-D089FBF27F3D}.Debug|Any CPU.Build.0 = Debug|Any CPU
		{4E78B491-BC8A-4F2D-8094-D089FBF27F3D}.Release|Any CPU.ActiveCfg = Release|Any CPU
		{4E78B491-BC8A-4F2D-8094-D089FBF27F3D}.Release|Any CPU.Build.0 = Release|Any CPU
		{3898FB2D-9AA9-48DD-9F42-005B36126AA4}.Debug|Any CPU.ActiveCfg = Debug|Any CPU
		{3898FB2D-9AA9-48DD-9F42-005B36126AA4}.Debug|Any CPU.Build.0 = Debug|Any CPU
		{3898FB2D-9AA9-48DD-9F42-005B36126AA4}.Release|Any CPU.ActiveCfg = Release|Any CPU
		{3898FB2D-9AA9-48DD-9F42-005B36126AA4}.Release|Any CPU.Build.0 = Release|Any CPU
	EndGlobalSection
	GlobalSection(NestedProjects) = preSolution
		{19D7F41E-9D4E-4CA7-8AC2-0752E64C7AAB} = {3E221699-488A-495E-89DE-3D95CF110E89}
		{CF132244-C4CA-4026-9CCE-DD9717D2E3C8} = {3E221699-488A-495E-89DE-3D95CF110E89}
		{C4B5108C-84BF-4DB9-80E3-8CED50648784} = {3E221699-488A-495E-89DE-3D95CF110E89}
		{9535D048-3C66-40AE-A785-A699C4908B9B} = {3E221699-488A-495E-89DE-3D95CF110E89}
		{3E97FB68-C774-4656-B53D-DE7DF6BCACA9} = {3E221699-488A-495E-89DE-3D95CF110E89}
		{E37BAAD3-DDE5-441D-8FD0-A9029FE612F1} = {3E221699-488A-495E-89DE-3D95CF110E89}
		{B49BB8BE-1564-4ACB-9E35-344BD5F7F52E} = {3E221699-488A-495E-89DE-3D95CF110E89}
		{178A8AD9-95EA-49D9-83BF-4570078A0F5A} = {3E221699-488A-495E-89DE-3D95CF110E89}
		{4E78B491-BC8A-4F2D-8094-D089FBF27F3D} = {3E221699-488A-495E-89DE-3D95CF110E89}
		{3898FB2D-9AA9-48DD-9F42-005B36126AA4} = {3E221699-488A-495E-89DE-3D95CF110E89}
	EndGlobalSection
EndGlobal
