
Microsoft Visual Studio Solution File, Format Version 12.00
# Visual Studio Version 17
VisualStudioVersion = 17.0.31903.59
MinimumVisualStudioVersion = 10.0.40219.1
Project("{FAE04EC0-301F-11D3-BF4B-00C04F79EFBC}") = "Exercises", "Exercises\Exercises.csproj", "{192CA3BA-8680-43FA-84ED-FEE5E769B509}"
EndProject
Project("{FAE04EC0-301F-11D3-BF4B-00C04F79EFBC}") = "Exercises.Tests", "Exercises.Tests\Exercises.Tests.csproj", "{6FCA28BD-382C-4271-9318-E42AC9A99A7F}"
EndProject
Global
	GlobalSection(SolutionConfigurationPlatforms) = preSolution
		Debug|Any CPU = Debug|Any CPU
		Release|Any CPU = Release|Any CPU
	EndGlobalSection
	GlobalSection(SolutionProperties) = preSolution
		HideSolutionNode = FALSE
	EndGlobalSection
	GlobalSection(ProjectConfigurationPlatforms) = postSolution
		{192CA3BA-8680-43FA-84ED-FEE5E769B509}.Debug|Any CPU.ActiveCfg = Debug|Any CPU
		{192CA3BA-8680-43FA-84ED-FEE5E769B509}.Debug|Any CPU.Build.0 = Debug|Any CPU
		{192CA3BA-8680-43FA-84ED-FEE5E769B509}.Release|Any CPU.ActiveCfg = Release|Any CPU
		{192CA3BA-8680-43FA-84ED-FEE5E769B509}.Release|Any CPU.Build.0 = Release|Any CPU
		{6FCA28BD-382C-4271-9318-E42AC9A99A7F}.Debug|Any CPU.ActiveCfg = Debug|Any CPU
		{6FCA28BD-382C-4271-9318-E42AC9A99A7F}.Debug|Any CPU.Build.0 = Debug|Any CPU
		{6FCA28BD-382C-4271-9318-E42AC9A99A7F}.Release|Any CPU.ActiveCfg = Release|Any CPU
		{6FCA28BD-382C-4271-9318-E42AC9A99A7F}.Release|Any CPU.Build.0 = Release|Any CPU
	EndGlobalSection
EndGlobal
